
Microsoft Visual Studio Solution File, Format Version 12.00
# Visual Studio Version 17
VisualStudioVersion = 17.6.33829.357
MinimumVisualStudioVersion = 10.0.40219.1
Project("{FAE04EC0-301F-11D3-BF4B-00C04F79EFBC}") = "Metall-Fest", "Metall-Fest.csproj", "{A6C39573-BB39-4A94-BCBD-1738AAA1B62A}"
EndProject
Global
	GlobalSection(SolutionConfigurationPlatforms) = preSolution
		Debug|Any CPU = Debug|Any CPU
		Release|Any CPU = Release|Any CPU
	EndGlobalSection
	GlobalSection(ProjectConfigurationPlatforms) = postSolution
		{A6C39573-BB39-4A94-BCBD-1738AAA1B62A}.Debug|Any CPU.ActiveCfg = Debug|Any CPU
		{A6C39573-BB39-4A94-BCBD-1738AAA1B62A}.Debug|Any CPU.Build.0 = Debug|Any CPU
		{A6C39573-BB39-4A94-BCBD-1738AAA1B62A}.Release|Any CPU.ActiveCfg = Release|Any CPU
		{A6C39573-BB39-4A94-BCBD-1738AAA1B62A}.Release|Any CPU.Build.0 = Release|Any CPU
	EndGlobalSection
	GlobalSection(SolutionProperties) = preSolution
		HideSolutionNode = FALSE
	EndGlobalSection
	GlobalSection(ExtensibilityGlobals) = postSolution
		SolutionGuid = {3D22CDDF-F8EF-4DBC-8DEB-3506F43E06BB}
	EndGlobalSection
EndGlobal
